// !$*UTF8*$!
{
	archiveVersion = 1;
	classes = {
	};
	objectVersion = 46;
	objects = {

/* Begin PBXBuildFile section */
		9AD44CB61E4C980100E6F7ED /* AppDelegate.swift in Sources */ = {isa = PBXBuildFile; fileRef = 9AD44CB51E4C980100E6F7ED /* AppDelegate.swift */; };
		9AD44CB81E4C980100E6F7ED /* ViewController.swift in Sources */ = {isa = PBXBuildFile; fileRef = 9AD44CB71E4C980100E6F7ED /* ViewController.swift */; };
		9AD44CBB1E4C980100E6F7ED /* Main.storyboard in Resources */ = {isa = PBXBuildFile; fileRef = 9AD44CB91E4C980100E6F7ED /* Main.storyboard */; };
		9AD44CBD1E4C980100E6F7ED /* Assets.xcassets in Resources */ = {isa = PBXBuildFile; fileRef = 9AD44CBC1E4C980100E6F7ED /* Assets.xcassets */; };
		9AD44CC01E4C980100E6F7ED /* LaunchScreen.storyboard in Resources */ = {isa = PBXBuildFile; fileRef = 9AD44CBE1E4C980100E6F7ED /* LaunchScreen.storyboard */; };
/* End PBXBuildFile section */

/* Begin PBXFileReference section */
		9AD44CB21E4C980100E6F7ED /* FirstKadai.app */ = {isa = PBXFileReference; explicitFileType = wrapper.application; includeInIndex = 0; path = FirstKadai.app; sourceTree = BUILT_PRODUCTS_DIR; };
		9AD44CB51E4C980100E6F7ED /* AppDelegate.swift */ = {isa = PBXFileReference; lastKnownFileType = sourcecode.swift; path = AppDelegate.swift; sourceTree = "<group>"; };
		9AD44CB71E4C980100E6F7ED /* ViewController.swift */ = {isa = PBXFileReference; lastKnownFileType = sourcecode.swift; path = ViewController.swift; sourceTree = "<group>"; };
		9AD44CBA1E4C980100E6F7ED /* Base */ = {isa = PBXFileReference; lastKnownFileType = file.storyboard; name = Base; path = Base.lproj/Main.storyboard; sourceTree = "<group>"; };
		9AD44CBC1E4C980100E6F7ED /* Assets.xcassets */ = {isa = PBXFileReference; lastKnownFileType = folder.assetcatalog; path = Assets.xcassets; sourceTree = "<group>"; };
		9AD44CBF1E4C980100E6F7ED /* Base */ = {isa = PBXFileReference; lastKnownFileType = file.storyboard; name = Base; path = Base.lproj/LaunchScreen.storyboard; sourceTree = "<group>"; };
		9AD44CC11E4C980100E6F7ED /* Info.plist */ = {isa = PBXFileReference; lastKnownFileType = text.plist.xml; path = Info.plist; sourceTree = "<group>"; };
/* End PBXFileReference section */

/* Begin PBXFrameworksBuildPhase section */
		9AD44CAF1E4C980100E6F7ED /* Frameworks */ = {
			isa = PBXFrameworksBuildPhase;
			buildActionMask = 2147483647;
			files = (
			);
			runOnlyForDeploymentPostprocessing = 0;
		};
/* End PBXFrameworksBuildPhase section */

/* Begin PBXGroup section */
		9AD44CA91E4C980100E6F7ED = {
			isa = PBXGroup;
			children = (
				9AD44CB41E4C980100E6F7ED /* FirstKadai */,
				9AD44CB31E4C980100E6F7ED /* Products */,
			);
			sourceTree = "<group>";
		};
		9AD44CB31E4C980100E6F7ED /* Products */ = {
			isa = PBXGroup;
			children = (
				9AD44CB21E4C980100E6F7ED /* FirstKadai.app */,
			);
			name = Products;
			sourceTree = "<group>";
		};
		9AD44CB41E4C980100E6F7ED /* FirstKadai */ = {
			isa = PBXGroup;
			children = (
				9AD44CB51E4C980100E6F7ED /* AppDelegate.swift */,
				9AD44CB71E4C980100E6F7ED /* ViewController.swift */,
				9AD44CB91E4C980100E6F7ED /* Main.storyboard */,
				9AD44CBC1E4C980100E6F7ED /* Assets.xcassets */,
				9AD44CBE1E4C980100E6F7ED /* LaunchScreen.storyboard */,
				9AD44CC11E4C980100E6F7ED /* Info.plist */,
			);
			path = FirstKadai;
			sourceTree = "<group>";
		};
/* End PBXGroup section */

/* Begin PBXNativeTarget section */
		9AD44CB11E4C980100E6F7ED /* FirstKadai */ = {
			isa = PBXNativeTarget;
			buildConfigurationList = 9AD44CC41E4C980100E6F7ED /* Build configuration list for PBXNativeTarget "FirstKadai" */;
			buildPhases = (
				9AD44CAE1E4C980100E6F7ED /* Sources */,
				9AD44CAF1E4C980100E6F7ED /* Frameworks */,
				9AD44CB01E4C980100E6F7ED /* Resources */,
			);
			buildRules = (
			);
			dependencies = (
			);
			name = FirstKadai;
			productName = FirstKadai;
			productReference = 9AD44CB21E4C980100E6F7ED /* FirstKadai.app */;
			productType = "com.apple.product-type.application";
		};
/* End PBXNativeTarget section */

/* Begin PBXProject section */
		9AD44CAA1E4C980100E6F7ED /* Project object */ = {
			isa = PBXProject;
			attributes = {
				LastSwiftUpdateCheck = 0820;
				LastUpgradeCheck = 0820;
				ORGANIZATIONNAME = yu.nakamura;
				TargetAttributes = {
					9AD44CB11E4C980100E6F7ED = {
						CreatedOnToolsVersion = 8.2.1;
						ProvisioningStyle = Automatic;
					};
				};
			};
			buildConfigurationList = 9AD44CAD1E4C980100E6F7ED /* Build configuration list for PBXProject "FirstKadai" */;
			compatibilityVersion = "Xcode 3.2";
			developmentRegion = English;
			hasScannedForEncodings = 0;
			knownRegions = (
				en,
				Base,
			);
			mainGroup = 9AD44CA91E4C980100E6F7ED;
			productRefGroup = 9AD44CB31E4C980100E6F7ED /* Products */;
			projectDirPath = "";
			projectRoot = "";
			targets = (
				9AD44CB11E4C980100E6F7ED /* FirstKadai */,
			);
		};
/* End PBXProject section */

/* Begin PBXResourcesBuildPhase section */
		9AD44CB01E4C980100E6F7ED /* Resources */ = {
			isa = PBXResourcesBuildPhase;
			buildActionMask = 2147483647;
			files = (
				9AD44CC01E4C980100E6F7ED /* LaunchScreen.storyboard in Resources */,
				9AD44CBD1E4C980100E6F7ED /* Assets.xcassets in Resources */,
				9AD44CBB1E4C980100E6F7ED /* Main.storyboard in Resources */,
			);
			runOnlyForDeploymentPostprocessing = 0;
		};
/* End PBXResourcesBuildPhase section */

/* Begin PBXSourcesBuildPhase section */
		9AD44CAE1E4C980100E6F7ED /* Sources */ = {
			isa = PBXSourcesBuildPhase;
			buildActionMask = 2147483647;
			files = (
				9AD44CB81E4C980100E6F7ED /* ViewController.swift in Sources */,
				9AD44CB61E4C980100E6F7ED /* AppDelegate.swift in Sources */,
			);
			runOnlyForDeploymentPostprocessing = 0;
		};
/* End PBXSourcesBuildPhase section */

/* Begin PBXVariantGroup section */
		9AD44CB91E4C980100E6F7ED /* Main.storyboard */ = {
			isa = PBXVariantGroup;
			children = (
				9AD44CBA1E4C980100E6F7ED /* Base */,
			);
			name = Main.storyboard;
			sourceTree = "<group>";
		};
		9AD44CBE1E4C980100E6F7ED /* LaunchScreen.storyboard */ = {
			isa = PBXVariantGroup;
			children = (
				9AD44CBF1E4C980100E6F7ED /* Base */,
			);
			name = LaunchScreen.storyboard;
			sourceTree = "<group>";
		};
/* End PBXVariantGroup section */

/* Begin XCBuildConfiguration section */
		9AD44CC21E4C980100E6F7ED /* Debug */ = {
			isa = XCBuildConfiguration;
			buildSettings = {
				ALWAYS_SEARCH_USER_PATHS = NO;
				CLANG_ANALYZER_NONNULL = YES;
				CLANG_CXX_LANGUAGE_STANDARD = "gnu++0x";
				CLANG_CXX_LIBRARY = "libc++";
				CLANG_ENABLE_MODULES = YES;
				CLANG_ENABLE_OBJC_ARC = YES;
				CLANG_WARN_BOOL_CONVERSION = YES;
				CLANG_WARN_CONSTANT_CONVERSION = YES;
				CLANG_WARN_DIRECT_OBJC_ISA_USAGE = YES_ERROR;
				CLANG_WARN_DOCUMENTATION_COMMENTS = YES;
				CLANG_WARN_EMPTY_BODY = YES;
				CLANG_WARN_ENUM_CONVERSION = YES;
				CLANG_WARN_INFINITE_RECURSION = YES;
				CLANG_WARN_INT_CONVERSION = YES;
				CLANG_WARN_OBJC_ROOT_CLASS = YES_ERROR;
				CLANG_WARN_SUSPICIOUS_MOVE = YES;
				CLANG_WARN_UNREACHABLE_CODE = YES;
				CLANG_WARN__DUPLICATE_METHOD_MATCH = YES;
				"CODE_SIGN_IDENTITY[sdk=iphoneos*]" = "iPhone Developer";
				COPY_PHASE_STRIP = NO;
				DEBUG_INFORMATION_FORMAT = dwarf;
				ENABLE_STRICT_OBJC_MSGSEND = YES;
				ENABLE_TESTABILITY = YES;
				GCC_C_LANGUAGE_STANDARD = gnu99;
				GCC_DYNAMIC_NO_PIC = NO;
				GCC_NO_COMMON_BLOCKS = YES;
				GCC_OPTIMIZATION_LEVEL = 0;
				GCC_PREPROCESSOR_DEFINITIONS = (
					"DEBUG=1",
					"$(inherited)",
				);
				GCC_WARN_64_TO_32_BIT_CONVERSION = YES;
				GCC_WARN_ABOUT_RETURN_TYPE = YES_ERROR;
				GCC_WARN_UNDECLARED_SELECTOR = YES;
				GCC_WARN_UNINITIALIZED_AUTOS = YES_AGGRESSIVE;
				GCC_WARN_UNUSED_FUNCTION = YES;
				GCC_WARN_UNUSED_VARIABLE = YES;
				IPHONEOS_DEPLOYMENT_TARGET = 10.2;
				MTL_ENABLE_DEBUG_INFO = YES;
				ONLY_ACTIVE_ARCH = YES;
				SDKROOT = iphoneos;
				SWIFT_ACTIVE_COMPILATION_CONDITIONS = DEBUG;
				SWIFT_OPTIMIZATION_LEVEL = "-Onone";
			};
			name = Debug;
		};
		9AD44CC31E4C980100E6F7ED /* Release */ = {
			isa = XCBuildConfiguration;
			buildSettings = {
				ALWAYS_SEARCH_USER_PATHS = NO;
				CLANG_ANALYZER_NONNULL = YES;
				CLANG_CXX_LANGUAGE_STANDARD = "gnu++0x";
				CLANG_CXX_LIBRARY = "libc++";
				CLANG_ENABLE_MODULES = YES;
				CLANG_ENABLE_OBJC_ARC = YES;
				CLANG_WARN_BOOL_CONVERSION = YES;
				CLANG_WARN_CONSTANT_CONVERSION = YES;
				CLANG_WARN_DIRECT_OBJC_ISA_USAGE = YES_ERROR;
				CLANG_WARN_DOCUMENTATION_COMMENTS = YES;
				CLANG_WARN_EMPTY_BODY = YES;
				CLANG_WARN_ENUM_CONVERSION = YES;
				CLANG_WARN_INFINITE_RECURSION = YES;
				CLANG_WARN_INT_CONVERSION = YES;
				CLANG_WARN_OBJC_ROOT_CLASS = YES_ERROR;
				CLANG_WARN_SUSPICIOUS_MOVE = YES;
				CLANG_WARN_UNREACHABLE_CODE = YES;
				CLANG_WARN__DUPLICATE_METHOD_MATCH = YES;
				"CODE_SIGN_IDENTITY[sdk=iphoneos*]" = "iPhone Developer";
				COPY_PHASE_STRIP = NO;
				DEBUG_INFORMATION_FORMAT = "dwarf-with-dsym";
				ENABLE_NS_ASSERTIONS = NO;
				ENABLE_STRICT_OBJC_MSGSEND = YES;
				GCC_C_LANGUAGE_STANDARD = gnu99;
				GCC_NO_COMMON_BLOCKS = YES;
				GCC_WARN_64_TO_32_BIT_CONVERSION = YES;
				GCC_WARN_ABOUT_RETURN_TYPE = YES_ERROR;
				GCC_WARN_UNDECLARED_SELECTOR = YES;
				GCC_WARN_UNINITIALIZED_AUTOS = YES_AGGRESSIVE;
				GCC_WARN_UNUSED_FUNCTION = YES;
				GCC_WARN_UNUSED_VARIABLE = YES;
				IPHONEOS_DEPLOYMENT_TARGET = 10.2;
				MTL_ENABLE_DEBUG_INFO = NO;
				SDKROOT = iphoneos;
				SWIFT_OPTIMIZATION_LEVEL = "-Owholemodule";
				VALIDATE_PRODUCT = YES;
			};
			name = Release;
		};
		9AD44CC51E4C980100E6F7ED /* Debug */ = {
			isa = XCBuildConfiguration;
			buildSettings = {
				ASSETCATALOG_COMPILER_APPICON_NAME = AppIcon;
				INFOPLIST_FILE = FirstKadai/Info.plist;
				LD_RUNPATH_SEARCH_PATHS = "$(inherited) @executable_path/Frameworks";
				PRODUCT_BUNDLE_IDENTIFIER = jp.techacademy.yu.nakamura.FirstKadai;
				PRODUCT_NAME = "$(TARGET_NAME)";
				SWIFT_VERSION = 3.0;
			};
			name = Debug;
		};
		9AD44CC61E4C980100E6F7ED /* Release */ = {
			isa = XCBuildConfiguration;
			buildSettings = {
				ASSETCATALOG_COMPILER_APPICON_NAME = AppIcon;
				INFOPLIST_FILE = FirstKadai/Info.plist;
				LD_RUNPATH_SEARCH_PATHS = "$(inherited) @executable_path/Frameworks";
				PRODUCT_BUNDLE_IDENTIFIER = jp.techacademy.yu.nakamura.FirstKadai;
				PRODUCT_NAME = "$(TARGET_NAME)";
				SWIFT_VERSION = 3.0;
			};
			name = Release;
		};
/* End XCBuildConfiguration section */

/* Begin XCConfigurationList section */
		9AD44CAD1E4C980100E6F7ED /* Build configuration list for PBXProject "FirstKadai" */ = {
			isa = XCConfigurationList;
			buildConfigurations = (
				9AD44CC21E4C980100E6F7ED /* Debug */,
				9AD44CC31E4C980100E6F7ED /* Release */,
			);
			defaultConfigurationIsVisible = 0;
			defaultConfigurationName = Release;
		};
		9AD44CC41E4C980100E6F7ED /* Build configuration list for PBXNativeTarget "FirstKadai" */ = {
			isa = XCConfigurationList;
			buildConfigurations = (
				9AD44CC51E4C980100E6F7ED /* Debug */,
				9AD44CC61E4C980100E6F7ED /* Release */,
			);
			defaultConfigurationIsVisible = 0;
		};
/* End XCConfigurationList section */
	};
	rootObject = 9AD44CAA1E4C980100E6F7ED /* Project object */;
}
